
Microsoft Visual Studio Solution File, Format Version 12.00
# Visual Studio Version 17
VisualStudioVersion = 17.0.31903.59
MinimumVisualStudioVersion = 10.0.40219.1
Project("{F2A71F9B-5D33-465A-A702-920D77279786}") = "Archer.Quiver.TestAdapter", "TestAdapter\Archer.Quiver.TestAdapter.fsproj", "{B1A114DC-115E-4342-BED7-B00E5027FCE3}"
EndProject
Project("{F2A71F9B-5D33-465A-A702-920D77279786}") = "Archer.Quiver.TestAdapter.Tests", "Tests\Archer.Quiver.TestAdapter.Tests.fsproj", "{F584DD37-F0F5-4827-9E12-9FA285B207BB}"
EndProject
Project("{F2A71F9B-5D33-465A-A702-920D77279786}") = "Archer.Quiver.TestAdapter.Tests.BootStrap", "Tests.Bootstrap\Archer.Quiver.TestAdapter.Tests.BootStrap.fsproj", "{C3133D5A-A183-4F54-9556-EA83FF30E7BA}"
EndProject
Project("{2150E333-8FDC-42A3-9474-1A3956D46DE8}") = "SolutionItems", "SolutionItems", "{1EA6F5D3-85C2-4521-B176-4A32A8023B57}"
	ProjectSection(SolutionItems) = preProject
		.gitignore = .gitignore
		gittey-config.json = gittey-config.json
		LICENSE = LICENSE
		README.md = README.md
	EndProjectSection
EndProject
Global
	GlobalSection(SolutionConfigurationPlatforms) = preSolution
		Debug|Any CPU = Debug|Any CPU
		Release|Any CPU = Release|Any CPU
	EndGlobalSection
	GlobalSection(SolutionProperties) = preSolution
		HideSolutionNode = FALSE
	EndGlobalSection
	GlobalSection(ProjectConfigurationPlatforms) = postSolution
		{B1A114DC-115E-4342-BED7-B00E5027FCE3}.Debug|Any CPU.ActiveCfg = Debug|Any CPU
		{B1A114DC-115E-4342-BED7-B00E5027FCE3}.Debug|Any CPU.Build.0 = Debug|Any CPU
		{B1A114DC-115E-4342-BED7-B00E5027FCE3}.Release|Any CPU.ActiveCfg = Release|Any CPU
		{B1A114DC-115E-4342-BED7-B00E5027FCE3}.Release|Any CPU.Build.0 = Release|Any CPU
		{F584DD37-F0F5-4827-9E12-9FA285B207BB}.Debug|Any CPU.ActiveCfg = Debug|Any CPU
		{F584DD37-F0F5-4827-9E12-9FA285B207BB}.Debug|Any CPU.Build.0 = Debug|Any CPU
		{F584DD37-F0F5-4827-9E12-9FA285B207BB}.Release|Any CPU.ActiveCfg = Release|Any CPU
		{F584DD37-F0F5-4827-9E12-9FA285B207BB}.Release|Any CPU.Build.0 = Release|Any CPU
		{C3133D5A-A183-4F54-9556-EA83FF30E7BA}.Debug|Any CPU.ActiveCfg = Debug|Any CPU
		{C3133D5A-A183-4F54-9556-EA83FF30E7BA}.Debug|Any CPU.Build.0 = Debug|Any CPU
		{C3133D5A-A183-4F54-9556-EA83FF30E7BA}.Release|Any CPU.ActiveCfg = Release|Any CPU
		{C3133D5A-A183-4F54-9556-EA83FF30E7BA}.Release|Any CPU.Build.0 = Release|Any CPU
	EndGlobalSection
EndGlobal
